Microsoft Visual Studio Solution File, Format Version 12.00
# Visual Studio 16
Project("{8BC9CEB8-8B4A-11D0-8D11-00A0C91BC942}") = "ALL_BUILD", "ALL_BUILD.vcxproj", "{943D8333-CEE6-363C-8E73-FEE8DE0C48C6}"
	ProjectSection(ProjectDependencies) = postProject
		{1FA4A4CD-D88B-3D56-B1F7-856D038E2E68} = {1FA4A4CD-D88B-3D56-B1F7-856D038E2E68}
		{A3E2AC91-E4AC-3FFC-8B5B-D4C5F365F29D} = {A3E2AC91-E4AC-3FFC-8B5B-D4C5F365F29D}
	EndProjectSection
EndProject
Project("{8BC9CEB8-8B4A-11D0-8D11-00A0C91BC942}") = "TestProject", "TestProject.vcxproj", "{1FA4A4CD-D88B-3D56-B1F7-856D038E2E68}"
	ProjectSection(ProjectDependencies) = postProject
		{A3E2AC91-E4AC-3FFC-8B5B-D4C5F365F29D} = {A3E2AC91-E4AC-3FFC-8B5B-D4C5F365F29D}
	EndProjectSection
EndProject
Project("{8BC9CEB8-8B4A-11D0-8D11-00A0C91BC942}") = "ZERO_CHECK", "ZERO_CHECK.vcxproj", "{A3E2AC91-E4AC-3FFC-8B5B-D4C5F365F29D}"
	ProjectSection(ProjectDependencies) = postProject
	EndProjectSection
EndProject
Global
	GlobalSection(SolutionConfigurationPlatforms) = preSolution
		Debug|x64 = Debug|x64
		Release|x64 = Release|x64
		MinSizeRel|x64 = MinSizeRel|x64
		RelWithDebInfo|x64 = RelWithDebInfo|x64
	EndGlobalSection
	GlobalSection(ProjectConfigurationPlatforms) = postSolution
		{943D8333-CEE6-363C-8E73-FEE8DE0C48C6}.Debug|x64.ActiveCfg = Debug|x64
		{943D8333-CEE6-363C-8E73-FEE8DE0C48C6}.Release|x64.ActiveCfg = Release|x64
		{943D8333-CEE6-363C-8E73-FEE8DE0C48C6}.MinSizeRel|x64.ActiveCfg = MinSizeRel|x64
		{943D8333-CEE6-363C-8E73-FEE8DE0C48C6}.RelWithDebInfo|x64.ActiveCfg = RelWithDebInfo|x64
		{1FA4A4CD-D88B-3D56-B1F7-856D038E2E68}.Debug|x64.ActiveCfg = Debug|x64
		{1FA4A4CD-D88B-3D56-B1F7-856D038E2E68}.Debug|x64.Build.0 = Debug|x64
		{1FA4A4CD-D88B-3D56-B1F7-856D038E2E68}.Release|x64.ActiveCfg = Release|x64
		{1FA4A4CD-D88B-3D56-B1F7-856D038E2E68}.Release|x64.Build.0 = Release|x64
		{1FA4A4CD-D88B-3D56-B1F7-856D038E2E68}.MinSizeRel|x64.ActiveCfg = MinSizeRel|x64
		{1FA4A4CD-D88B-3D56-B1F7-856D038E2E68}.MinSizeRel|x64.Build.0 = MinSizeRel|x64
		{1FA4A4CD-D88B-3D56-B1F7-856D038E2E68}.RelWithDebInfo|x64.ActiveCfg = RelWithDebInfo|x64
		{1FA4A4CD-D88B-3D56-B1F7-856D038E2E68}.RelWithDebInfo|x64.Build.0 = RelWithDebInfo|x64
		{A3E2AC91-E4AC-3FFC-8B5B-D4C5F365F29D}.Debug|x64.ActiveCfg = Debug|x64
		{A3E2AC91-E4AC-3FFC-8B5B-D4C5F365F29D}.Debug|x64.Build.0 = Debug|x64
		{A3E2AC91-E4AC-3FFC-8B5B-D4C5F365F29D}.Release|x64.ActiveCfg = Release|x64
		{A3E2AC91-E4AC-3FFC-8B5B-D4C5F365F29D}.Release|x64.Build.0 = Release|x64
		{A3E2AC91-E4AC-3FFC-8B5B-D4C5F365F29D}.MinSizeRel|x64.ActiveCfg = MinSizeRel|x64
		{A3E2AC91-E4AC-3FFC-8B5B-D4C5F365F29D}.MinSizeRel|x64.Build.0 = MinSizeRel|x64
		{A3E2AC91-E4AC-3FFC-8B5B-D4C5F365F29D}.RelWithDebInfo|x64.ActiveCfg = RelWithDebInfo|x64
		{A3E2AC91-E4AC-3FFC-8B5B-D4C5F365F29D}.RelWithDebInfo|x64.Build.0 = RelWithDebInfo|x64
	EndGlobalSection
	GlobalSection(ExtensibilityGlobals) = postSolution
		SolutionGuid = {1588A03B-69EF-3941-9756-029EE935CF84}
	EndGlobalSection
	GlobalSection(ExtensibilityAddIns) = postSolution
	EndGlobalSection
EndGlobal
