<?xml version="1.0" encoding="utf-8"?>
<Project ToolsVersion="16.0" xmlns="http://schemas.microsoft.com/developer/msbuild/2003">
  <ItemGroup>
    <ClCompile Include="C:\Code\GIT\Tacos\tests\testData\testProject\main.cpp">
      <Filter>Source Files</Filter>
    </ClCompile>
  </ItemGroup>
  <ItemGroup>
    <CustomBuild Include="C:\Code\GIT\Tacos\tests\testData\testProject\CMakeLists.txt" />
  </ItemGroup>
  <ItemGroup>
    <Filter Include="Source Files">
      <UniqueIdentifier>{2997E6FD-1C6D-39CF-A33F-CE74AB95D0D5}</UniqueIdentifier>
    </Filter>
  </ItemGroup>
</Project>
