<?xml version="1.0" encoding="utf-8"?>
<Project ToolsVersion="16.0" xmlns="http://schemas.microsoft.com/developer/msbuild/2003">
  <ItemGroup>
    <CustomBuild Include="C:\Code\GIT\Tacos\tests\testData\_build\Windows\Debug\_cmake\Debug\CMakeFiles\7be8eadff7f54f39a40b3e553ade720a\generate.stamp.rule">
      <Filter>CMake Rules</Filter>
    </CustomBuild>
  </ItemGroup>
  <ItemGroup>
    <Filter Include="CMake Rules">
      <UniqueIdentifier>{A9907563-C992-30EF-9A57-4F62AF56A8CD}</UniqueIdentifier>
    </Filter>
  </ItemGroup>
</Project>
